
Microsoft Visual Studio Solution File, Format Version 12.00
# Visual Studio Version 17
VisualStudioVersion = 17.0.31912.275
MinimumVisualStudioVersion = 10.0.40219.1
Project("{FAE04EC0-301F-11D3-BF4B-00C04F79EFBC}") = "CleanHotelWebApplication", "CleanHotelWebApplication\CleanHotelWebApplication.csproj", "{013E81BC-645B-4840-B5E7-28EF9E561415}"
EndProject
Global
	GlobalSection(SolutionConfigurationPlatforms) = preSolution
		Debug|Any CPU = Debug|Any CPU
		Release|Any CPU = Release|Any CPU
	EndGlobalSection
	GlobalSection(ProjectConfigurationPlatforms) = postSolution
		{013E81BC-645B-4840-B5E7-28EF9E561415}.Debug|Any CPU.ActiveCfg = Debug|Any CPU
		{013E81BC-645B-4840-B5E7-28EF9E561415}.Debug|Any CPU.Build.0 = Debug|Any CPU
		{013E81BC-645B-4840-B5E7-28EF9E561415}.Release|Any CPU.ActiveCfg = Release|Any CPU
		{013E81BC-645B-4840-B5E7-28EF9E561415}.Release|Any CPU.Build.0 = Release|Any CPU
	EndGlobalSection
	GlobalSection(SolutionProperties) = preSolution
		HideSolutionNode = FALSE
	EndGlobalSection
	GlobalSection(ExtensibilityGlobals) = postSolution
		SolutionGuid = {C5AAEF72-47B0-422F-94A4-EF6BCD3D55A3}
	EndGlobalSection
EndGlobal
