
Microsoft Visual Studio Solution File, Format Version 12.00
# Visual Studio Version 17
VisualStudioVersion = 17.0.31912.275
MinimumVisualStudioVersion = 10.0.40219.1
Project("{9A19103F-16F7-4668-BE54-9A1E7A4F7556}") = "DiscountConsoleApp", "VintedConsoleApp\DiscountConsoleApp.csproj", "{E398495C-8FBB-4831-8CDD-3856FF2EC9B1}"
EndProject
Project("{2150E333-8FDC-42A3-9474-1A3956D46DE8}") = "src", "src", "{3C331CAC-BC90-4468-B0AA-D48BE74CF291}"
EndProject
Project("{2150E333-8FDC-42A3-9474-1A3956D46DE8}") = "tests", "tests", "{6D2CA3E2-D797-4B15-B4B1-1AB2AAEFF4AB}"
EndProject
Project("{FAE04EC0-301F-11D3-BF4B-00C04F79EFBC}") = "DiscountAppTests", "Tests\VintedConsoleApp.UnitTests\DiscountAppTests\DiscountAppTests.csproj", "{B5110D90-9D91-4DD8-9692-BFEB36DBD243}"
EndProject
Global
	GlobalSection(SolutionConfigurationPlatforms) = preSolution
		Debug|Any CPU = Debug|Any CPU
		Release|Any CPU = Release|Any CPU
	EndGlobalSection
	GlobalSection(ProjectConfigurationPlatforms) = postSolution
		{E398495C-8FBB-4831-8CDD-3856FF2EC9B1}.Debug|Any CPU.ActiveCfg = Debug|Any CPU
		{E398495C-8FBB-4831-8CDD-3856FF2EC9B1}.Debug|Any CPU.Build.0 = Debug|Any CPU
		{E398495C-8FBB-4831-8CDD-3856FF2EC9B1}.Release|Any CPU.ActiveCfg = Release|Any CPU
		{E398495C-8FBB-4831-8CDD-3856FF2EC9B1}.Release|Any CPU.Build.0 = Release|Any CPU
		{B5110D90-9D91-4DD8-9692-BFEB36DBD243}.Debug|Any CPU.ActiveCfg = Debug|Any CPU
		{B5110D90-9D91-4DD8-9692-BFEB36DBD243}.Debug|Any CPU.Build.0 = Debug|Any CPU
		{B5110D90-9D91-4DD8-9692-BFEB36DBD243}.Release|Any CPU.ActiveCfg = Release|Any CPU
		{B5110D90-9D91-4DD8-9692-BFEB36DBD243}.Release|Any CPU.Build.0 = Release|Any CPU
	EndGlobalSection
	GlobalSection(SolutionProperties) = preSolution
		HideSolutionNode = FALSE
	EndGlobalSection
	GlobalSection(NestedProjects) = preSolution
		{E398495C-8FBB-4831-8CDD-3856FF2EC9B1} = {3C331CAC-BC90-4468-B0AA-D48BE74CF291}
		{B5110D90-9D91-4DD8-9692-BFEB36DBD243} = {6D2CA3E2-D797-4B15-B4B1-1AB2AAEFF4AB}
	EndGlobalSection
	GlobalSection(ExtensibilityGlobals) = postSolution
		SolutionGuid = {FD4EABE8-EDC3-402A-9CA6-EEF04EC13E48}
	EndGlobalSection
EndGlobal
