
Microsoft Visual Studio Solution File, Format Version 12.00
# Visual Studio Version 17
VisualStudioVersion = 17.0.31912.275
MinimumVisualStudioVersion = 10.0.40219.1
Project("{FAE04EC0-301F-11D3-BF4B-00C04F79EFBC}") = "AsgardMarketplace.WebApi", "AsgardMarketplace.WebApi\AsgardMarketplace.WebApi.csproj", "{AF52C27A-9EF2-4B06-950E-12B8CDC4E438}"
EndProject
Project("{FAE04EC0-301F-11D3-BF4B-00C04F79EFBC}") = "AsgardMarketplace.Application", "AsgardMarketplace.Application\AsgardMarketplace.Application.csproj", "{4617AAED-FFEF-4ACA-928C-5B5F7FD0218C}"
EndProject
Project("{FAE04EC0-301F-11D3-BF4B-00C04F79EFBC}") = "AsgardMarketplace.Domain", "AsgardMarketplace.Domain\AsgardMarketplace.Domain.csproj", "{7F5BBC47-CB1F-4B87-8B51-BAC04040D7AA}"
EndProject
Project("{FAE04EC0-301F-11D3-BF4B-00C04F79EFBC}") = "AsgardMarketplace.Infrastructure", "AsgardMarketplace.Infrastructure\AsgardMarketplace.Infrastructure.csproj", "{60145875-056C-4A79-937B-773C0CD514EC}"
EndProject
Global
	GlobalSection(SolutionConfigurationPlatforms) = preSolution
		Debug|Any CPU = Debug|Any CPU
		Release|Any CPU = Release|Any CPU
	EndGlobalSection
	GlobalSection(ProjectConfigurationPlatforms) = postSolution
		{AF52C27A-9EF2-4B06-950E-12B8CDC4E438}.Debug|Any CPU.ActiveCfg = Debug|Any CPU
		{AF52C27A-9EF2-4B06-950E-12B8CDC4E438}.Debug|Any CPU.Build.0 = Debug|Any CPU
		{AF52C27A-9EF2-4B06-950E-12B8CDC4E438}.Release|Any CPU.ActiveCfg = Release|Any CPU
		{AF52C27A-9EF2-4B06-950E-12B8CDC4E438}.Release|Any CPU.Build.0 = Release|Any CPU
		{4617AAED-FFEF-4ACA-928C-5B5F7FD0218C}.Debug|Any CPU.ActiveCfg = Debug|Any CPU
		{4617AAED-FFEF-4ACA-928C-5B5F7FD0218C}.Debug|Any CPU.Build.0 = Debug|Any CPU
		{4617AAED-FFEF-4ACA-928C-5B5F7FD0218C}.Release|Any CPU.ActiveCfg = Release|Any CPU
		{4617AAED-FFEF-4ACA-928C-5B5F7FD0218C}.Release|Any CPU.Build.0 = Release|Any CPU
		{7F5BBC47-CB1F-4B87-8B51-BAC04040D7AA}.Debug|Any CPU.ActiveCfg = Debug|Any CPU
		{7F5BBC47-CB1F-4B87-8B51-BAC04040D7AA}.Debug|Any CPU.Build.0 = Debug|Any CPU
		{7F5BBC47-CB1F-4B87-8B51-BAC04040D7AA}.Release|Any CPU.ActiveCfg = Release|Any CPU
		{7F5BBC47-CB1F-4B87-8B51-BAC04040D7AA}.Release|Any CPU.Build.0 = Release|Any CPU
		{60145875-056C-4A79-937B-773C0CD514EC}.Debug|Any CPU.ActiveCfg = Debug|Any CPU
		{60145875-056C-4A79-937B-773C0CD514EC}.Debug|Any CPU.Build.0 = Debug|Any CPU
		{60145875-056C-4A79-937B-773C0CD514EC}.Release|Any CPU.ActiveCfg = Release|Any CPU
		{60145875-056C-4A79-937B-773C0CD514EC}.Release|Any CPU.Build.0 = Release|Any CPU
	EndGlobalSection
	GlobalSection(SolutionProperties) = preSolution
		HideSolutionNode = FALSE
	EndGlobalSection
	GlobalSection(ExtensibilityGlobals) = postSolution
		SolutionGuid = {94B96465-8D4E-42EA-A3E0-004B291DF23E}
	EndGlobalSection
EndGlobal
